<?xml version="1.0" encoding="utf-8"?>
<Project ToolsVersion="4.0" xmlns="http://schemas.microsoft.com/developer/msbuild/2003">
  <ItemGroup>
    <Filter Include="win32">
      <UniqueIdentifier>{84a8ebd7-7cf0-47f6-b75e-d441df67da40}</UniqueIdentifier>
    </Filter>
    <Filter Include="resource">
      <UniqueIdentifier>{715254bc-d70b-4ec5-bf29-467dd3ace079}</UniqueIdentifier>
    </Filter>
    <Filter Include="src">
      <UniqueIdentifier>{bb6c862e-70e9-49d9-81b7-3829a6f50471}</UniqueIdentifier>
    </Filter>
    <Filter Include="src\Components">
      <UniqueIdentifier>{fae0565d-0521-4a1e-b4b3-f2d20fa7e6bb}</UniqueIdentifier>
    </Filter>
    <Filter Include="src\Scenes">
      <UniqueIdentifier>{185f198b-ac81-4590-8cc3-2a747c26f82d}</UniqueIdentifier>
    </Filter>
    <Filter Include="src\GameObjects">
      <UniqueIdentifier>{274e4f78-08ac-4184-a489-d205b8b580ca}</UniqueIdentifier>
    </Filter>
  </ItemGroup>
  <ItemGroup>
    <ClCompile Include="main.cpp">
      <Filter>win32</Filter>
    </ClCompile>
    <ClCompile Include="..\Classes\AppDelegate.cpp">
      <Filter>src</Filter>
    </ClCompile>
    <ClCompile Include="..\Classes\Globals.cpp">
      <Filter>src</Filter>
    </ClCompile>
    <ClCompile Include="..\Classes\Components\GraphicComponent.cpp">
      <Filter>src\Components</Filter>
    </ClCompile>
    <ClCompile Include="..\Classes\Components\InputComponent.cpp">
      <Filter>src\Components</Filter>
    </ClCompile>
    <ClCompile Include="..\Classes\Components\PhysicComponent.cpp">
      <Filter>src\Components</Filter>
    </ClCompile>
    <ClCompile Include="..\Classes\Components\PlayerInputComponent.cpp">
      <Filter>src\Components</Filter>
    </ClCompile>
    <ClCompile Include="..\Classes\InputState.cpp">
      <Filter>src</Filter>
    </ClCompile>
    <ClCompile Include="..\Classes\TitleScene.cpp">
      <Filter>src\Scenes</Filter>
    </ClCompile>
    <ClCompile Include="..\Classes\HighScoresScene.cpp">
      <Filter>src\Scenes</Filter>
    </ClCompile>
    <ClCompile Include="..\Classes\HowToPlayScene.cpp">
      <Filter>src\Scenes</Filter>
    </ClCompile>
    <ClCompile Include="..\Classes\GameScene.cpp">
      <Filter>src\Scenes</Filter>
    </ClCompile>
    <ClCompile Include="..\Classes\Building.cpp">
      <Filter>src\GameObjects</Filter>
    </ClCompile>
    <ClCompile Include="..\Classes\GameObject.cpp">
      <Filter>src\GameObjects</Filter>
    </ClCompile>
    <ClCompile Include="..\Classes\Rope.cpp">
      <Filter>src\GameObjects</Filter>
    </ClCompile>
  </ItemGroup>
  <ItemGroup>
    <ClInclude Include="main.h">
      <Filter>win32</Filter>
    </ClInclude>
    <ClInclude Include="..\Classes\AppDelegate.h">
      <Filter>src</Filter>
    </ClInclude>
    <ClInclude Include="..\Classes\Globals.h">
      <Filter>src</Filter>
    </ClInclude>
    <ClInclude Include="..\Classes\Spawner.h">
      <Filter>src</Filter>
    </ClInclude>
    <ClInclude Include="..\Classes\Components\GraphicComponent.h">
      <Filter>src\Components</Filter>
    </ClInclude>
    <ClInclude Include="..\Classes\Components\InputComponent.h">
      <Filter>src\Components</Filter>
    </ClInclude>
    <ClInclude Include="..\Classes\Components\PhysicComponent.h">
      <Filter>src\Components</Filter>
    </ClInclude>
    <ClInclude Include="..\Classes\Components\PlayerInputComponent.h">
      <Filter>src\Components</Filter>
    </ClInclude>
    <ClInclude Include="..\Classes\InputState.h">
      <Filter>src</Filter>
    </ClInclude>
    <ClInclude Include="..\Classes\Enums.h">
      <Filter>src</Filter>
    </ClInclude>
    <ClInclude Include="..\Classes\TitleScene.h">
      <Filter>src\Scenes</Filter>
    </ClInclude>
    <ClInclude Include="..\Classes\HighScoresScene.h">
      <Filter>src\Scenes</Filter>
    </ClInclude>
    <ClInclude Include="..\Classes\HowToPlayScene.h">
      <Filter>src\Scenes</Filter>
    </ClInclude>
    <ClInclude Include="..\Classes\GameScene.h">
      <Filter>src\Scenes</Filter>
    </ClInclude>
    <ClInclude Include="..\Classes\Building.h">
      <Filter>src\GameObjects</Filter>
    </ClInclude>
    <ClInclude Include="..\Classes\GameObject.h">
      <Filter>src\GameObjects</Filter>
    </ClInclude>
    <ClInclude Include="..\Classes\Rope.h">
      <Filter>src\GameObjects</Filter>
    </ClInclude>
  </ItemGroup>
  <ItemGroup>
    <ResourceCompile Include="game.rc">
      <Filter>resource</Filter>
    </ResourceCompile>
  </ItemGroup>
</Project>